dependencies:
- name: consul
  repository: https://helm.releases.hashicorp.com
  version: 0.33.0
- name: cortex-tenant
  repository: https://harbor.eencloud.com/chartrepo/infrastructure
  version: 1.3.6
digest: sha256:03be8733949521638ea732fb75ca502def13d9f79890085bea72f6971f627d27
generated: "2021-09-03T14:03:38.9939256+09:00"
